
Microsoft Visual Studio Solution File, Format Version 12.00
# Visual Studio Version 16
VisualStudioVersion = 16.0.30804.86
MinimumVisualStudioVersion = 10.0.40219.1
Project("{FAE04EC0-301F-11D3-BF4B-00C04F79EFBC}") = "Okuma.PanelMode", "Okuma.PanelMode\Okuma.PanelMode.csproj", "{2D16BA97-F00C-46B6-A682-F8F50735373E}"
EndProject
Global
	GlobalSection(SolutionConfigurationPlatforms) = preSolution
		Debug|Any CPU = Debug|Any CPU
		Release|Any CPU = Release|Any CPU
	EndGlobalSection
	GlobalSection(ProjectConfigurationPlatforms) = postSolution
		{2D16BA97-F00C-46B6-A682-F8F50735373E}.Debug|Any CPU.ActiveCfg = Debug|Any CPU
		{2D16BA97-F00C-46B6-A682-F8F50735373E}.Debug|Any CPU.Build.0 = Debug|Any CPU
		{2D16BA97-F00C-46B6-A682-F8F50735373E}.Release|Any CPU.ActiveCfg = Release|Any CPU
		{2D16BA97-F00C-46B6-A682-F8F50735373E}.Release|Any CPU.Build.0 = Release|Any CPU
	EndGlobalSection
	GlobalSection(SolutionProperties) = preSolution
		HideSolutionNode = FALSE
	EndGlobalSection
	GlobalSection(ExtensibilityGlobals) = postSolution
		SolutionGuid = {372D58FD-83A0-4995-9F19-7AA9A1EA5B02}
	EndGlobalSection
EndGlobal
